// !$*UTF8*$!
{
	archiveVersion = 1;
	classes = {
	};
	objectVersion = 56;
	objects = {

/* Begin PBXBuildFile section */
		968ECD132A9DA67F00A9C37D /* main.cpp in Sources */ = {isa = PBXBuildFile; fileRef = 968ECD122A9DA67F00A9C37D /* main.cpp */; };
		968ECD1A2A9E5C5300A9C37D /* main1.cpp in Sources */ = {isa = PBXBuildFile; fileRef = 968ECD192A9E5C5300A9C37D /* main1.cpp */; };
		968ECD1D2A9E6BB100A9C37D /* Functions.cpp in Sources */ = {isa = PBXBuildFile; fileRef = 968ECD1B2A9E6BB100A9C37D /* Functions.cpp */; };
		968ECD202A9E6C0D00A9C37D /* Classes.cpp in Sources */ = {isa = PBXBuildFile; fileRef = 968ECD1E2A9E6C0D00A9C37D /* Classes.cpp */; };
/* End PBXBuildFile section */

/* Begin PBXCopyFilesBuildPhase section */
		968ECD0D2A9DA67F00A9C37D /* CopyFiles */ = {
			isa = PBXCopyFilesBuildPhase;
			buildActionMask = 2147483647;
			dstPath = /usr/share/man/man1/;
			dstSubfolderSpec = 0;
			files = (
			);
			runOnlyForDeploymentPostprocessing = 1;
		};
/* End PBXCopyFilesBuildPhase section */

/* Begin PBXFileReference section */
		968ECD0F2A9DA67F00A9C37D /* BlackJack_C++ */ = {isa = PBXFileReference; explicitFileType = "compiled.mach-o.executable"; includeInIndex = 0; path = "BlackJack_C++"; sourceTree = BUILT_PRODUCTS_DIR; };
		968ECD122A9DA67F00A9C37D /* main.cpp */ = {isa = PBXFileReference; lastKnownFileType = sourcecode.cpp.cpp; path = main.cpp; sourceTree = "<group>"; };
		968ECD192A9E5C5300A9C37D /* main1.cpp */ = {isa = PBXFileReference; lastKnownFileType = sourcecode.cpp.cpp; path = main1.cpp; sourceTree = "<group>"; };
		968ECD1B2A9E6BB100A9C37D /* Functions.cpp */ = {isa = PBXFileReference; lastKnownFileType = sourcecode.cpp.cpp; path = Functions.cpp; sourceTree = "<group>"; };
		968ECD1C2A9E6BB100A9C37D /* Functions.hpp */ = {isa = PBXFileReference; lastKnownFileType = sourcecode.cpp.h; path = Functions.hpp; sourceTree = "<group>"; };
		968ECD1E2A9E6C0D00A9C37D /* Classes.cpp */ = {isa = PBXFileReference; lastKnownFileType = sourcecode.cpp.cpp; path = Classes.cpp; sourceTree = "<group>"; };
		968ECD1F2A9E6C0D00A9C37D /* Classes.hpp */ = {isa = PBXFileReference; lastKnownFileType = sourcecode.cpp.h; path = Classes.hpp; sourceTree = "<group>"; };
/* End PBXFileReference section */

/* Begin PBXFrameworksBuildPhase section */
		968ECD0C2A9DA67F00A9C37D /* Frameworks */ = {
			isa = PBXFrameworksBuildPhase;
			buildActionMask = 2147483647;
			files = (
			);
			runOnlyForDeploymentPostprocessing = 0;
		};
/* End PBXFrameworksBuildPhase section */

/* Begin PBXGroup section */
		968ECD062A9DA67F00A9C37D = {
			isa = PBXGroup;
			children = (
				968ECD112A9DA67F00A9C37D /* BlackJack_C++ */,
				968ECD102A9DA67F00A9C37D /* Products */,
			);
			sourceTree = "<group>";
		};
		968ECD102A9DA67F00A9C37D /* Products */ = {
			isa = PBXGroup;
			children = (
				968ECD0F2A9DA67F00A9C37D /* BlackJack_C++ */,
			);
			name = Products;
			sourceTree = "<group>";
		};
		968ECD112A9DA67F00A9C37D /* BlackJack_C++ */ = {
			isa = PBXGroup;
			children = (
				968ECD122A9DA67F00A9C37D /* main.cpp */,
				968ECD192A9E5C5300A9C37D /* main1.cpp */,
				968ECD1B2A9E6BB100A9C37D /* Functions.cpp */,
				968ECD1C2A9E6BB100A9C37D /* Functions.hpp */,
				968ECD1E2A9E6C0D00A9C37D /* Classes.cpp */,
				968ECD1F2A9E6C0D00A9C37D /* Classes.hpp */,
			);
			path = "BlackJack_C++";
			sourceTree = "<group>";
		};
/* End PBXGroup section */

/* Begin PBXNativeTarget section */
		968ECD0E2A9DA67F00A9C37D /* BlackJack_C++ */ = {
			isa = PBXNativeTarget;
			buildConfigurationList = 968ECD162A9DA67F00A9C37D /* Build configuration list for PBXNativeTarget "BlackJack_C++" */;
			buildPhases = (
				968ECD0B2A9DA67F00A9C37D /* Sources */,
				968ECD0C2A9DA67F00A9C37D /* Frameworks */,
				968ECD0D2A9DA67F00A9C37D /* CopyFiles */,
			);
			buildRules = (
			);
			dependencies = (
			);
			name = "BlackJack_C++";
			productName = "BlackJack_C++";
			productReference = 968ECD0F2A9DA67F00A9C37D /* BlackJack_C++ */;
			productType = "com.apple.product-type.tool";
		};
/* End PBXNativeTarget section */

/* Begin PBXProject section */
		968ECD072A9DA67F00A9C37D /* Project object */ = {
			isa = PBXProject;
			attributes = {
				BuildIndependentTargetsInParallel = 1;
				LastUpgradeCheck = 1430;
				TargetAttributes = {
					968ECD0E2A9DA67F00A9C37D = {
						CreatedOnToolsVersion = 14.3.1;
					};
				};
			};
			buildConfigurationList = 968ECD0A2A9DA67F00A9C37D /* Build configuration list for PBXProject "BlackJack_C++" */;
			compatibilityVersion = "Xcode 14.0";
			developmentRegion = en;
			hasScannedForEncodings = 0;
			knownRegions = (
				en,
				Base,
			);
			mainGroup = 968ECD062A9DA67F00A9C37D;
			productRefGroup = 968ECD102A9DA67F00A9C37D /* Products */;
			projectDirPath = "";
			projectRoot = "";
			targets = (
				968ECD0E2A9DA67F00A9C37D /* BlackJack_C++ */,
			);
		};
/* End PBXProject section */

/* Begin PBXSourcesBuildPhase section */
		968ECD0B2A9DA67F00A9C37D /* Sources */ = {
			isa = PBXSourcesBuildPhase;
			buildActionMask = 2147483647;
			files = (
				968ECD1D2A9E6BB100A9C37D /* Functions.cpp in Sources */,
				968ECD1A2A9E5C5300A9C37D /* main1.cpp in Sources */,
				968ECD202A9E6C0D00A9C37D /* Classes.cpp in Sources */,
				968ECD132A9DA67F00A9C37D /* main.cpp in Sources */,
			);
			runOnlyForDeploymentPostprocessing = 0;
		};
/* End PBXSourcesBuildPhase section */

/* Begin XCBuildConfiguration section */
		968ECD142A9DA67F00A9C37D /* Debug */ = {
			isa = XCBuildConfiguration;
			buildSettings = {
				ALWAYS_SEARCH_USER_PATHS = NO;
				CLANG_ANALYZER_NONNULL = YES;
				CLANG_ANALYZER_NUMBER_OBJECT_CONVERSION = YES_AGGRESSIVE;
				CLANG_CXX_LANGUAGE_STANDARD = "gnu++20";
				CLANG_ENABLE_MODULES = YES;
				CLANG_ENABLE_OBJC_ARC = YES;
				CLANG_ENABLE_OBJC_WEAK = YES;
				CLANG_WARN_BLOCK_CAPTURE_AUTORELEASING = YES;
				CLANG_WARN_BOOL_CONVERSION = YES;
				CLANG_WARN_COMMA = YES;
				CLANG_WARN_CONSTANT_CONVERSION = YES;
				CLANG_WARN_DEPRECATED_OBJC_IMPLEMENTATIONS = YES;
				CLANG_WARN_DIRECT_OBJC_ISA_USAGE = YES_ERROR;
				CLANG_WARN_DOCUMENTATION_COMMENTS = YES;
				CLANG_WARN_EMPTY_BODY = YES;
				CLANG_WARN_ENUM_CONVERSION = YES;
				CLANG_WARN_INFINITE_RECURSION = YES;
				CLANG_WARN_INT_CONVERSION = YES;
				CLANG_WARN_NON_LITERAL_NULL_CONVERSION = YES;
				CLANG_WARN_OBJC_IMPLICIT_RETAIN_SELF = YES;
				CLANG_WARN_OBJC_LITERAL_CONVERSION = YES;
				CLANG_WARN_OBJC_ROOT_CLASS = YES_ERROR;
				CLANG_WARN_QUOTED_INCLUDE_IN_FRAMEWORK_HEADER = YES;
				CLANG_WARN_RANGE_LOOP_ANALYSIS = YES;
				CLANG_WARN_STRICT_PROTOTYPES = YES;
				CLANG_WARN_SUSPICIOUS_MOVE = YES;
				CLANG_WARN_UNGUARDED_AVAILABILITY = YES_AGGRESSIVE;
				CLANG_WARN_UNREACHABLE_CODE = YES;
				CLANG_WARN__DUPLICATE_METHOD_MATCH = YES;
				COPY_PHASE_STRIP = NO;
				DEBUG_INFORMATION_FORMAT = dwarf;
				ENABLE_STRICT_OBJC_MSGSEND = YES;
				ENABLE_TESTABILITY = YES;
				GCC_C_LANGUAGE_STANDARD = gnu11;
				GCC_DYNAMIC_NO_PIC = NO;
				GCC_NO_COMMON_BLOCKS = YES;
				GCC_OPTIMIZATION_LEVEL = 0;
				GCC_PREPROCESSOR_DEFINITIONS = (
					"DEBUG=1",
					"$(inherited)",
				);
				GCC_WARN_64_TO_32_BIT_CONVERSION = YES;
				GCC_WARN_ABOUT_RETURN_TYPE = YES_ERROR;
				GCC_WARN_UNDECLARED_SELECTOR = YES;
				GCC_WARN_UNINITIALIZED_AUTOS = YES_AGGRESSIVE;
				GCC_WARN_UNUSED_FUNCTION = YES;
				GCC_WARN_UNUSED_VARIABLE = YES;
				MACOSX_DEPLOYMENT_TARGET = 13.3;
				MTL_ENABLE_DEBUG_INFO = INCLUDE_SOURCE;
				MTL_FAST_MATH = YES;
				ONLY_ACTIVE_ARCH = YES;
				SDKROOT = macosx;
			};
			name = Debug;
		};
		968ECD152A9DA67F00A9C37D /* Release */ = {
			isa = XCBuildConfiguration;
			buildSettings = {
				ALWAYS_SEARCH_USER_PATHS = NO;
				CLANG_ANALYZER_NONNULL = YES;
				CLANG_ANALYZER_NUMBER_OBJECT_CONVERSION = YES_AGGRESSIVE;
				CLANG_CXX_LANGUAGE_STANDARD = "gnu++20";
				CLANG_ENABLE_MODULES = YES;
				CLANG_ENABLE_OBJC_ARC = YES;
				CLANG_ENABLE_OBJC_WEAK = YES;
				CLANG_WARN_BLOCK_CAPTURE_AUTORELEASING = YES;
				CLANG_WARN_BOOL_CONVERSION = YES;
				CLANG_WARN_COMMA = YES;
				CLANG_WARN_CONSTANT_CONVERSION = YES;
				CLANG_WARN_DEPRECATED_OBJC_IMPLEMENTATIONS = YES;
				CLANG_WARN_DIRECT_OBJC_ISA_USAGE = YES_ERROR;
				CLANG_WARN_DOCUMENTATION_COMMENTS = YES;
				CLANG_WARN_EMPTY_BODY = YES;
				CLANG_WARN_ENUM_CONVERSION = YES;
				CLANG_WARN_INFINITE_RECURSION = YES;
				CLANG_WARN_INT_CONVERSION = YES;
				CLANG_WARN_NON_LITERAL_NULL_CONVERSION = YES;
				CLANG_WARN_OBJC_IMPLICIT_RETAIN_SELF = YES;
				CLANG_WARN_OBJC_LITERAL_CONVERSION = YES;
				CLANG_WARN_OBJC_ROOT_CLASS = YES_ERROR;
				CLANG_WARN_QUOTED_INCLUDE_IN_FRAMEWORK_HEADER = YES;
				CLANG_WARN_RANGE_LOOP_ANALYSIS = YES;
				CLANG_WARN_STRICT_PROTOTYPES = YES;
				CLANG_WARN_SUSPICIOUS_MOVE = YES;
				CLANG_WARN_UNGUARDED_AVAILABILITY = YES_AGGRESSIVE;
				CLANG_WARN_UNREACHABLE_CODE = YES;
				CLANG_WARN__DUPLICATE_METHOD_MATCH = YES;
				COPY_PHASE_STRIP = NO;
				DEBUG_INFORMATION_FORMAT = "dwarf-with-dsym";
				ENABLE_NS_ASSERTIONS = NO;
				ENABLE_STRICT_OBJC_MSGSEND = YES;
				GCC_C_LANGUAGE_STANDARD = gnu11;
				GCC_NO_COMMON_BLOCKS = YES;
				GCC_WARN_64_TO_32_BIT_CONVERSION = YES;
				GCC_WARN_ABOUT_RETURN_TYPE = YES_ERROR;
				GCC_WARN_UNDECLARED_SELECTOR = YES;
				GCC_WARN_UNINITIALIZED_AUTOS = YES_AGGRESSIVE;
				GCC_WARN_UNUSED_FUNCTION = YES;
				GCC_WARN_UNUSED_VARIABLE = YES;
				MACOSX_DEPLOYMENT_TARGET = 13.3;
				MTL_ENABLE_DEBUG_INFO = NO;
				MTL_FAST_MATH = YES;
				SDKROOT = macosx;
			};
			name = Release;
		};
		968ECD172A9DA67F00A9C37D /* Debug */ = {
			isa = XCBuildConfiguration;
			buildSettings = {
				CODE_SIGN_STYLE = Automatic;
				PRODUCT_NAME = "$(TARGET_NAME)";
			};
			name = Debug;
		};
		968ECD182A9DA67F00A9C37D /* Release */ = {
			isa = XCBuildConfiguration;
			buildSettings = {
				CODE_SIGN_STYLE = Automatic;
				PRODUCT_NAME = "$(TARGET_NAME)";
			};
			name = Release;
		};
/* End XCBuildConfiguration section */

/* Begin XCConfigurationList section */
		968ECD0A2A9DA67F00A9C37D /* Build configuration list for PBXProject "BlackJack_C++" */ = {
			isa = XCConfigurationList;
			buildConfigurations = (
				968ECD142A9DA67F00A9C37D /* Debug */,
				968ECD152A9DA67F00A9C37D /* Release */,
			);
			defaultConfigurationIsVisible = 0;
			defaultConfigurationName = Release;
		};
		968ECD162A9DA67F00A9C37D /* Build configuration list for PBXNativeTarget "BlackJack_C++" */ = {
			isa = XCConfigurationList;
			buildConfigurations = (
				968ECD172A9DA67F00A9C37D /* Debug */,
				968ECD182A9DA67F00A9C37D /* Release */,
			);
			defaultConfigurationIsVisible = 0;
			defaultConfigurationName = Release;
		};
/* End XCConfigurationList section */
	};
	rootObject = 968ECD072A9DA67F00A9C37D /* Project object */;
}
